<?xml version="1.0" encoding="utf-8"?>
<Project ToolsVersion="17.0" xmlns="http://schemas.microsoft.com/developer/msbuild/2003">
  <ItemGroup>
    <ClCompile Include="C:\Users\Claire E Ogawa\OneDrive - Cal Poly\CSC476\PenguinProj\CSC400\ext\glad\src\glad.c">
      <Filter>Source Files</Filter>
    </ClCompile>
    <ClCompile Include="C:\Users\Claire E Ogawa\OneDrive - Cal Poly\CSC476\PenguinProj\CSC400\ext\tiny_obj_loader\tiny_obj_loader.cpp">
      <Filter>Source Files</Filter>
    </ClCompile>
    <ClCompile Include="C:\Users\Claire E Ogawa\OneDrive - Cal Poly\CSC476\PenguinProj\CSC400\src\Bezier.cpp">
      <Filter>Source Files</Filter>
    </ClCompile>
    <ClCompile Include="C:\Users\Claire E Ogawa\OneDrive - Cal Poly\CSC476\PenguinProj\CSC400\src\Camera.cpp">
      <Filter>Source Files</Filter>
    </ClCompile>
    <ClCompile Include="C:\Users\Claire E Ogawa\OneDrive - Cal Poly\CSC476\PenguinProj\CSC400\src\Collider.cpp">
      <Filter>Source Files</Filter>
    </ClCompile>
    <ClCompile Include="C:\Users\Claire E Ogawa\OneDrive - Cal Poly\CSC476\PenguinProj\CSC400\src\Entity.cpp">
      <Filter>Source Files</Filter>
    </ClCompile>
    <ClCompile Include="C:\Users\Claire E Ogawa\OneDrive - Cal Poly\CSC476\PenguinProj\CSC400\src\GLSL.cpp">
      <Filter>Source Files</Filter>
    </ClCompile>
    <ClCompile Include="C:\Users\Claire E Ogawa\OneDrive - Cal Poly\CSC476\PenguinProj\CSC400\src\GLTextureWriter.cpp">
      <Filter>Source Files</Filter>
    </ClCompile>
    <ClCompile Include="C:\Users\Claire E Ogawa\OneDrive - Cal Poly\CSC476\PenguinProj\CSC400\src\GameObject.cpp">
      <Filter>Source Files</Filter>
    </ClCompile>
    <ClCompile Include="C:\Users\Claire E Ogawa\OneDrive - Cal Poly\CSC476\PenguinProj\CSC400\src\GameStructure.cpp">
      <Filter>Source Files</Filter>
    </ClCompile>
    <ClCompile Include="C:\Users\Claire E Ogawa\OneDrive - Cal Poly\CSC476\PenguinProj\CSC400\src\ImportExport.cpp">
      <Filter>Source Files</Filter>
    </ClCompile>
    <ClCompile Include="C:\Users\Claire E Ogawa\OneDrive - Cal Poly\CSC476\PenguinProj\CSC400\src\InputHandler.cpp">
      <Filter>Source Files</Filter>
    </ClCompile>
    <ClCompile Include="C:\Users\Claire E Ogawa\OneDrive - Cal Poly\CSC476\PenguinProj\CSC400\src\MatrixStack.cpp">
      <Filter>Source Files</Filter>
    </ClCompile>
    <ClCompile Include="C:\Users\Claire E Ogawa\OneDrive - Cal Poly\CSC476\PenguinProj\CSC400\src\PhysicalObject.cpp">
      <Filter>Source Files</Filter>
    </ClCompile>
    <ClCompile Include="C:\Users\Claire E Ogawa\OneDrive - Cal Poly\CSC476\PenguinProj\CSC400\src\Program.cpp">
      <Filter>Source Files</Filter>
    </ClCompile>
    <ClCompile Include="C:\Users\Claire E Ogawa\OneDrive - Cal Poly\CSC476\PenguinProj\CSC400\src\ShaderManager.cpp">
      <Filter>Source Files</Filter>
    </ClCompile>
    <ClCompile Include="C:\Users\Claire E Ogawa\OneDrive - Cal Poly\CSC476\PenguinProj\CSC400\src\Shape.cpp">
      <Filter>Source Files</Filter>
    </ClCompile>
    <ClCompile Include="C:\Users\Claire E Ogawa\OneDrive - Cal Poly\CSC476\PenguinProj\CSC400\src\Spline.cpp">
      <Filter>Source Files</Filter>
    </ClCompile>
    <ClCompile Include="C:\Users\Claire E Ogawa\OneDrive - Cal Poly\CSC476\PenguinProj\CSC400\src\Texture.cpp">
      <Filter>Source Files</Filter>
    </ClCompile>
    <ClCompile Include="C:\Users\Claire E Ogawa\OneDrive - Cal Poly\CSC476\PenguinProj\CSC400\src\WindowManager.cpp">
      <Filter>Source Files</Filter>
    </ClCompile>
    <ClCompile Include="C:\Users\Claire E Ogawa\OneDrive - Cal Poly\CSC476\PenguinProj\CSC400\src\main.cpp">
      <Filter>Source Files</Filter>
    </ClCompile>
  </ItemGroup>
  <ItemGroup>
    <ClInclude Include="C:\Users\Claire E Ogawa\OneDrive - Cal Poly\CSC476\PenguinProj\CSC400\ext\glad\include\KHR\khrplatform.h">
      <Filter>Header Files</Filter>
    </ClInclude>
    <ClInclude Include="C:\Users\Claire E Ogawa\OneDrive - Cal Poly\CSC476\PenguinProj\CSC400\ext\glad\include\glad\glad.h">
      <Filter>Header Files</Filter>
    </ClInclude>
    <ClInclude Include="C:\Users\Claire E Ogawa\OneDrive - Cal Poly\CSC476\PenguinProj\CSC400\ext\tiny_obj_loader\tiny_obj_loader.h">
      <Filter>Header Files</Filter>
    </ClInclude>
    <ClInclude Include="C:\Users\Claire E Ogawa\OneDrive - Cal Poly\CSC476\PenguinProj\CSC400\src\Bezier.h">
      <Filter>Header Files</Filter>
    </ClInclude>
    <ClInclude Include="C:\Users\Claire E Ogawa\OneDrive - Cal Poly\CSC476\PenguinProj\CSC400\src\Camera.h">
      <Filter>Header Files</Filter>
    </ClInclude>
    <ClInclude Include="C:\Users\Claire E Ogawa\OneDrive - Cal Poly\CSC476\PenguinProj\CSC400\src\Collider.h">
      <Filter>Header Files</Filter>
    </ClInclude>
    <ClInclude Include="C:\Users\Claire E Ogawa\OneDrive - Cal Poly\CSC476\PenguinProj\CSC400\src\Components.h">
      <Filter>Header Files</Filter>
    </ClInclude>
    <ClInclude Include="C:\Users\Claire E Ogawa\OneDrive - Cal Poly\CSC476\PenguinProj\CSC400\src\Entity.h">
      <Filter>Header Files</Filter>
    </ClInclude>
    <ClInclude Include="C:\Users\Claire E Ogawa\OneDrive - Cal Poly\CSC476\PenguinProj\CSC400\src\GLSL.h">
      <Filter>Header Files</Filter>
    </ClInclude>
    <ClInclude Include="C:\Users\Claire E Ogawa\OneDrive - Cal Poly\CSC476\PenguinProj\CSC400\src\GLTextureWriter.h">
      <Filter>Header Files</Filter>
    </ClInclude>
    <ClInclude Include="C:\Users\Claire E Ogawa\OneDrive - Cal Poly\CSC476\PenguinProj\CSC400\src\GameObject.h">
      <Filter>Header Files</Filter>
    </ClInclude>
    <ClInclude Include="C:\Users\Claire E Ogawa\OneDrive - Cal Poly\CSC476\PenguinProj\CSC400\src\ImportExport.h">
      <Filter>Header Files</Filter>
    </ClInclude>
    <ClInclude Include="C:\Users\Claire E Ogawa\OneDrive - Cal Poly\CSC476\PenguinProj\CSC400\src\InputHandler.h">
      <Filter>Header Files</Filter>
    </ClInclude>
    <ClInclude Include="C:\Users\Claire E Ogawa\OneDrive - Cal Poly\CSC476\PenguinProj\CSC400\src\MatrixStack.h">
      <Filter>Header Files</Filter>
    </ClInclude>
    <ClInclude Include="C:\Users\Claire E Ogawa\OneDrive - Cal Poly\CSC476\PenguinProj\CSC400\src\PhysicalObject.h">
      <Filter>Header Files</Filter>
    </ClInclude>
    <ClInclude Include="C:\Users\Claire E Ogawa\OneDrive - Cal Poly\CSC476\PenguinProj\CSC400\src\Program.h">
      <Filter>Header Files</Filter>
    </ClInclude>
    <ClInclude Include="C:\Users\Claire E Ogawa\OneDrive - Cal Poly\CSC476\PenguinProj\CSC400\src\ShaderManager.h">
      <Filter>Header Files</Filter>
    </ClInclude>
    <ClInclude Include="C:\Users\Claire E Ogawa\OneDrive - Cal Poly\CSC476\PenguinProj\CSC400\src\Shape.h">
      <Filter>Header Files</Filter>
    </ClInclude>
    <ClInclude Include="C:\Users\Claire E Ogawa\OneDrive - Cal Poly\CSC476\PenguinProj\CSC400\src\Spline.h">
      <Filter>Header Files</Filter>
    </ClInclude>
    <ClInclude Include="C:\Users\Claire E Ogawa\OneDrive - Cal Poly\CSC476\PenguinProj\CSC400\src\Texture.h">
      <Filter>Header Files</Filter>
    </ClInclude>
    <ClInclude Include="C:\Users\Claire E Ogawa\OneDrive - Cal Poly\CSC476\PenguinProj\CSC400\src\WindowManager.h">
      <Filter>Header Files</Filter>
    </ClInclude>
    <ClInclude Include="C:\Users\Claire E Ogawa\OneDrive - Cal Poly\CSC476\PenguinProj\CSC400\src\stb_image.h">
      <Filter>Header Files</Filter>
    </ClInclude>
    <ClInclude Include="C:\Users\Claire E Ogawa\OneDrive - Cal Poly\CSC476\PenguinProj\CSC400\src\stb_image_write.h">
      <Filter>Header Files</Filter>
    </ClInclude>
  </ItemGroup>
  <ItemGroup>
    <CustomBuild Include="C:\Users\Claire E Ogawa\OneDrive - Cal Poly\CSC476\PenguinProj\CSC400\CMakeLists.txt" />
  </ItemGroup>
  <ItemGroup>
    <None Include="C:\Users\Claire E Ogawa\OneDrive - Cal Poly\CSC476\PenguinProj\CSC400\resources\hmap_frag.glsl" />
    <None Include="C:\Users\Claire E Ogawa\OneDrive - Cal Poly\CSC476\PenguinProj\CSC400\resources\hmap_vert.glsl" />
    <None Include="C:\Users\Claire E Ogawa\OneDrive - Cal Poly\CSC476\PenguinProj\CSC400\resources\simple_frag.glsl" />
    <None Include="C:\Users\Claire E Ogawa\OneDrive - Cal Poly\CSC476\PenguinProj\CSC400\resources\simple_vert.glsl" />
    <None Include="C:\Users\Claire E Ogawa\OneDrive - Cal Poly\CSC476\PenguinProj\CSC400\resources\skybox_frag.glsl" />
    <None Include="C:\Users\Claire E Ogawa\OneDrive - Cal Poly\CSC476\PenguinProj\CSC400\resources\skybox_vert.glsl" />
    <None Include="C:\Users\Claire E Ogawa\OneDrive - Cal Poly\CSC476\PenguinProj\CSC400\resources\tex_frag0.glsl" />
    <None Include="C:\Users\Claire E Ogawa\OneDrive - Cal Poly\CSC476\PenguinProj\CSC400\resources\tex_vert.glsl" />
  </ItemGroup>
  <ItemGroup>
    <Filter Include="Header Files">
      <UniqueIdentifier>{20A76ADD-8905-3C81-B5E1-C527A2B17759}</UniqueIdentifier>
    </Filter>
    <Filter Include="Source Files">
      <UniqueIdentifier>{D43EE767-6B6D-3966-9EB1-85782D4C0F96}</UniqueIdentifier>
    </Filter>
  </ItemGroup>
</Project>
