<?xml version="1.0" encoding="utf-8"?>
<Project ToolsVersion="17.0" xmlns="http://schemas.microsoft.com/developer/msbuild/2003">
  <ItemGroup>
    <CustomBuild Include="C:\Users\Claire E Ogawa\OneDrive - Cal Poly\CSC476\PenguinProj\CSC400\build2\CMakeFiles\86e1bcab46786ebf800f7e08453689b9\generate.stamp.rule">
      <Filter>CMake Rules</Filter>
    </CustomBuild>
  </ItemGroup>
  <ItemGroup>
    <Filter Include="CMake Rules">
      <UniqueIdentifier>{58D81387-C893-3290-971B-6B10883AA9A7}</UniqueIdentifier>
    </Filter>
  </ItemGroup>
</Project>
